// !$*UTF8*$!
{
	archiveVersion = 1;
	classes = {
	};
	objectVersion = 50;
	objects = {

/* Begin PBXBuildFile section */
		D5505DC1233365B7001FB382 /* AppDelegate.m in Sources */ = {isa = PBXBuildFile; fileRef = D5505DC0233365B7001FB382 /* AppDelegate.m */; };
		D5505DC4233365B7001FB382 /* ViewController.m in Sources */ = {isa = PBXBuildFile; fileRef = D5505DC3233365B7001FB382 /* ViewController.m */; };
		D5505DC7233365B7001FB382 /* Main.storyboard in Resources */ = {isa = PBXBuildFile; fileRef = D5505DC5233365B7001FB382 /* Main.storyboard */; };
		D5505DC9233365B8001FB382 /* Assets.xcassets in Resources */ = {isa = PBXBuildFile; fileRef = D5505DC8233365B8001FB382 /* Assets.xcassets */; };
		D5505DCC233365B8001FB382 /* LaunchScreen.storyboard in Resources */ = {isa = PBXBuildFile; fileRef = D5505DCA233365B8001FB382 /* LaunchScreen.storyboard */; };
		D5505DCF233365B8001FB382 /* main.m in Sources */ = {isa = PBXBuildFile; fileRef = D5505DCE233365B8001FB382 /* main.m */; };
		D5505DDC233365F1001FB382 /* FDBaseView.m in Sources */ = {isa = PBXBuildFile; fileRef = D5505DD8233365F1001FB382 /* FDBaseView.m */; };
		D5505DDD233365F1001FB382 /* FDHelper.m in Sources */ = {isa = PBXBuildFile; fileRef = D5505DDA233365F1001FB382 /* FDHelper.m */; };
		D5505DDE233365F1001FB382 /* FDBaseViewController.m in Sources */ = {isa = PBXBuildFile; fileRef = D5505DDB233365F1001FB382 /* FDBaseViewController.m */; };
		D5505DE523336671001FB382 /* FDCALayerViewController.m in Sources */ = {isa = PBXBuildFile; fileRef = D5505DE423336671001FB382 /* FDCALayerViewController.m */; };
		D5505DFD2334D29B001FB382 /* FDUIApperanceViewController.m in Sources */ = {isa = PBXBuildFile; fileRef = D5505DFC2334D29B001FB382 /* FDUIApperanceViewController.m */; };
		D5505E012334DC39001FB382 /* FDUIGeometryViewController.m in Sources */ = {isa = PBXBuildFile; fileRef = D5505E002334DC39001FB382 /* FDUIGeometryViewController.m */; };
/* End PBXBuildFile section */

/* Begin PBXFileReference section */
		D5505DBC233365B7001FB382 /* FrameworksDemoProject.app */ = {isa = PBXFileReference; explicitFileType = wrapper.application; includeInIndex = 0; path = FrameworksDemoProject.app; sourceTree = BUILT_PRODUCTS_DIR; };
		D5505DBF233365B7001FB382 /* AppDelegate.h */ = {isa = PBXFileReference; lastKnownFileType = sourcecode.c.h; path = AppDelegate.h; sourceTree = "<group>"; };
		D5505DC0233365B7001FB382 /* AppDelegate.m */ = {isa = PBXFileReference; lastKnownFileType = sourcecode.c.objc; path = AppDelegate.m; sourceTree = "<group>"; };
		D5505DC2233365B7001FB382 /* ViewController.h */ = {isa = PBXFileReference; lastKnownFileType = sourcecode.c.h; path = ViewController.h; sourceTree = "<group>"; };
		D5505DC3233365B7001FB382 /* ViewController.m */ = {isa = PBXFileReference; lastKnownFileType = sourcecode.c.objc; path = ViewController.m; sourceTree = "<group>"; };
		D5505DC6233365B7001FB382 /* Base */ = {isa = PBXFileReference; lastKnownFileType = file.storyboard; name = Base; path = Base.lproj/Main.storyboard; sourceTree = "<group>"; };
		D5505DC8233365B8001FB382 /* Assets.xcassets */ = {isa = PBXFileReference; lastKnownFileType = folder.assetcatalog; path = Assets.xcassets; sourceTree = "<group>"; };
		D5505DCB233365B8001FB382 /* Base */ = {isa = PBXFileReference; lastKnownFileType = file.storyboard; name = Base; path = Base.lproj/LaunchScreen.storyboard; sourceTree = "<group>"; };
		D5505DCD233365B8001FB382 /* Info.plist */ = {isa = PBXFileReference; lastKnownFileType = text.plist.xml; path = Info.plist; sourceTree = "<group>"; };
		D5505DCE233365B8001FB382 /* main.m */ = {isa = PBXFileReference; lastKnownFileType = sourcecode.c.objc; path = main.m; sourceTree = "<group>"; };
		D5505DD6233365F1001FB382 /* FDBaseView.h */ = {isa = PBXFileReference; fileEncoding = 4; lastKnownFileType = sourcecode.c.h; path = FDBaseView.h; sourceTree = "<group>"; };
		D5505DD7233365F1001FB382 /* FDBaseViewController.h */ = {isa = PBXFileReference; fileEncoding = 4; lastKnownFileType = sourcecode.c.h; path = FDBaseViewController.h; sourceTree = "<group>"; };
		D5505DD8233365F1001FB382 /* FDBaseView.m */ = {isa = PBXFileReference; fileEncoding = 4; lastKnownFileType = sourcecode.c.objc; path = FDBaseView.m; sourceTree = "<group>"; };
		D5505DD9233365F1001FB382 /* FDHelper.h */ = {isa = PBXFileReference; fileEncoding = 4; lastKnownFileType = sourcecode.c.h; path = FDHelper.h; sourceTree = "<group>"; };
		D5505DDA233365F1001FB382 /* FDHelper.m */ = {isa = PBXFileReference; fileEncoding = 4; lastKnownFileType = sourcecode.c.objc; path = FDHelper.m; sourceTree = "<group>"; };
		D5505DDB233365F1001FB382 /* FDBaseViewController.m */ = {isa = PBXFileReference; fileEncoding = 4; lastKnownFileType = sourcecode.c.objc; path = FDBaseViewController.m; sourceTree = "<group>"; };
		D5505DE323336671001FB382 /* FDCALayerViewController.h */ = {isa = PBXFileReference; lastKnownFileType = sourcecode.c.h; path = FDCALayerViewController.h; sourceTree = "<group>"; };
		D5505DE423336671001FB382 /* FDCALayerViewController.m */ = {isa = PBXFileReference; lastKnownFileType = sourcecode.c.objc; path = FDCALayerViewController.m; sourceTree = "<group>"; };
		D5505DFB2334D29B001FB382 /* FDUIApperanceViewController.h */ = {isa = PBXFileReference; lastKnownFileType = sourcecode.c.h; path = FDUIApperanceViewController.h; sourceTree = "<group>"; };
		D5505DFC2334D29B001FB382 /* FDUIApperanceViewController.m */ = {isa = PBXFileReference; lastKnownFileType = sourcecode.c.objc; path = FDUIApperanceViewController.m; sourceTree = "<group>"; };
		D5505DFF2334DC39001FB382 /* FDUIGeometryViewController.h */ = {isa = PBXFileReference; lastKnownFileType = sourcecode.c.h; path = FDUIGeometryViewController.h; sourceTree = "<group>"; };
		D5505E002334DC39001FB382 /* FDUIGeometryViewController.m */ = {isa = PBXFileReference; lastKnownFileType = sourcecode.c.objc; path = FDUIGeometryViewController.m; sourceTree = "<group>"; };
/* End PBXFileReference section */

/* Begin PBXFrameworksBuildPhase section */
		D5505DB9233365B7001FB382 /* Frameworks */ = {
			isa = PBXFrameworksBuildPhase;
			buildActionMask = 2147483647;
			files = (
			);
			runOnlyForDeploymentPostprocessing = 0;
		};
/* End PBXFrameworksBuildPhase section */

/* Begin PBXGroup section */
		D5505DB3233365B7001FB382 = {
			isa = PBXGroup;
			children = (
				D5505DBE233365B7001FB382 /* FrameworksDemoProject */,
				D5505DBD233365B7001FB382 /* Products */,
			);
			sourceTree = "<group>";
		};
		D5505DBD233365B7001FB382 /* Products */ = {
			isa = PBXGroup;
			children = (
				D5505DBC233365B7001FB382 /* FrameworksDemoProject.app */,
			);
			name = Products;
			sourceTree = "<group>";
		};
		D5505DBE233365B7001FB382 /* FrameworksDemoProject */ = {
			isa = PBXGroup;
			children = (
				D5505DD5233365D8001FB382 /* Base */,
				D5505DDF23336634001FB382 /* Frameworks */,
				D5505DBF233365B7001FB382 /* AppDelegate.h */,
				D5505DC0233365B7001FB382 /* AppDelegate.m */,
				D5505DC2233365B7001FB382 /* ViewController.h */,
				D5505DC3233365B7001FB382 /* ViewController.m */,
				D5505DC5233365B7001FB382 /* Main.storyboard */,
				D5505DC8233365B8001FB382 /* Assets.xcassets */,
				D5505DCA233365B8001FB382 /* LaunchScreen.storyboard */,
				D5505DCD233365B8001FB382 /* Info.plist */,
				D5505DCE233365B8001FB382 /* main.m */,
			);
			path = FrameworksDemoProject;
			sourceTree = "<group>";
		};
		D5505DD5233365D8001FB382 /* Base */ = {
			isa = PBXGroup;
			children = (
				D5505DD7233365F1001FB382 /* FDBaseViewController.h */,
				D5505DDB233365F1001FB382 /* FDBaseViewController.m */,
				D5505DD6233365F1001FB382 /* FDBaseView.h */,
				D5505DD8233365F1001FB382 /* FDBaseView.m */,
				D5505DD9233365F1001FB382 /* FDHelper.h */,
				D5505DDA233365F1001FB382 /* FDHelper.m */,
			);
			path = Base;
			sourceTree = "<group>";
		};
		D5505DDF23336634001FB382 /* Frameworks */ = {
			isa = PBXGroup;
			children = (
				D5505DE123336648001FB382 /* QuartzCore */,
				D5505DE023336642001FB382 /* UIKit */,
			);
			path = Frameworks;
			sourceTree = "<group>";
		};
		D5505DE023336642001FB382 /* UIKit */ = {
			isa = PBXGroup;
			children = (
				D5505DFE2334DC02001FB382 /* UIGeometry */,
				D5505DFA2334D278001FB382 /* UIApperance */,
			);
			path = UIKit;
			sourceTree = "<group>";
		};
		D5505DE123336648001FB382 /* QuartzCore */ = {
			isa = PBXGroup;
			children = (
				D5505DE223336653001FB382 /* CALayer */,
			);
			path = QuartzCore;
			sourceTree = "<group>";
		};
		D5505DE223336653001FB382 /* CALayer */ = {
			isa = PBXGroup;
			children = (
				D5505DE323336671001FB382 /* FDCALayerViewController.h */,
				D5505DE423336671001FB382 /* FDCALayerViewController.m */,
			);
			path = CALayer;
			sourceTree = "<group>";
		};
		D5505DFA2334D278001FB382 /* UIApperance */ = {
			isa = PBXGroup;
			children = (
				D5505DFB2334D29B001FB382 /* FDUIApperanceViewController.h */,
				D5505DFC2334D29B001FB382 /* FDUIApperanceViewController.m */,
			);
			path = UIApperance;
			sourceTree = "<group>";
		};
		D5505DFE2334DC02001FB382 /* UIGeometry */ = {
			isa = PBXGroup;
			children = (
				D5505DFF2334DC39001FB382 /* FDUIGeometryViewController.h */,
				D5505E002334DC39001FB382 /* FDUIGeometryViewController.m */,
			);
			path = UIGeometry;
			sourceTree = "<group>";
		};
/* End PBXGroup section */

/* Begin PBXNativeTarget section */
		D5505DBB233365B7001FB382 /* FrameworksDemoProject */ = {
			isa = PBXNativeTarget;
			buildConfigurationList = D5505DD2233365B8001FB382 /* Build configuration list for PBXNativeTarget "FrameworksDemoProject" */;
			buildPhases = (
				D5505DB8233365B7001FB382 /* Sources */,
				D5505DB9233365B7001FB382 /* Frameworks */,
				D5505DBA233365B7001FB382 /* Resources */,
			);
			buildRules = (
			);
			dependencies = (
			);
			name = FrameworksDemoProject;
			productName = FrameworksDemoProject;
			productReference = D5505DBC233365B7001FB382 /* FrameworksDemoProject.app */;
			productType = "com.apple.product-type.application";
		};
/* End PBXNativeTarget section */

/* Begin PBXProject section */
		D5505DB4233365B7001FB382 /* Project object */ = {
			isa = PBXProject;
			attributes = {
				LastUpgradeCheck = 1030;
				ORGANIZATIONNAME = Lux;
				TargetAttributes = {
					D5505DBB233365B7001FB382 = {
						CreatedOnToolsVersion = 10.3;
					};
				};
			};
			buildConfigurationList = D5505DB7233365B7001FB382 /* Build configuration list for PBXProject "FrameworksDemoProject" */;
			compatibilityVersion = "Xcode 9.3";
			developmentRegion = en;
			hasScannedForEncodings = 0;
			knownRegions = (
				en,
				Base,
			);
			mainGroup = D5505DB3233365B7001FB382;
			productRefGroup = D5505DBD233365B7001FB382 /* Products */;
			projectDirPath = "";
			projectRoot = "";
			targets = (
				D5505DBB233365B7001FB382 /* FrameworksDemoProject */,
			);
		};
/* End PBXProject section */

/* Begin PBXResourcesBuildPhase section */
		D5505DBA233365B7001FB382 /* Resources */ = {
			isa = PBXResourcesBuildPhase;
			buildActionMask = 2147483647;
			files = (
				D5505DCC233365B8001FB382 /* LaunchScreen.storyboard in Resources */,
				D5505DC9233365B8001FB382 /* Assets.xcassets in Resources */,
				D5505DC7233365B7001FB382 /* Main.storyboard in Resources */,
			);
			runOnlyForDeploymentPostprocessing = 0;
		};
/* End PBXResourcesBuildPhase section */

/* Begin PBXSourcesBuildPhase section */
		D5505DB8233365B7001FB382 /* Sources */ = {
			isa = PBXSourcesBuildPhase;
			buildActionMask = 2147483647;
			files = (
				D5505DC4233365B7001FB382 /* ViewController.m in Sources */,
				D5505DCF233365B8001FB382 /* main.m in Sources */,
				D5505DC1233365B7001FB382 /* AppDelegate.m in Sources */,
				D5505DDC233365F1001FB382 /* FDBaseView.m in Sources */,
				D5505DDD233365F1001FB382 /* FDHelper.m in Sources */,
				D5505DE523336671001FB382 /* FDCALayerViewController.m in Sources */,
				D5505DFD2334D29B001FB382 /* FDUIApperanceViewController.m in Sources */,
				D5505E012334DC39001FB382 /* FDUIGeometryViewController.m in Sources */,
				D5505DDE233365F1001FB382 /* FDBaseViewController.m in Sources */,
			);
			runOnlyForDeploymentPostprocessing = 0;
		};
/* End PBXSourcesBuildPhase section */

/* Begin PBXVariantGroup section */
		D5505DC5233365B7001FB382 /* Main.storyboard */ = {
			isa = PBXVariantGroup;
			children = (
				D5505DC6233365B7001FB382 /* Base */,
			);
			name = Main.storyboard;
			sourceTree = "<group>";
		};
		D5505DCA233365B8001FB382 /* LaunchScreen.storyboard */ = {
			isa = PBXVariantGroup;
			children = (
				D5505DCB233365B8001FB382 /* Base */,
			);
			name = LaunchScreen.storyboard;
			sourceTree = "<group>";
		};
/* End PBXVariantGroup section */

/* Begin XCBuildConfiguration section */
		D5505DD0233365B8001FB382 /* Debug */ = {
			isa = XCBuildConfiguration;
			buildSettings = {
				ALWAYS_SEARCH_USER_PATHS = NO;
				CLANG_ANALYZER_NONNULL = YES;
				CLANG_ANALYZER_NUMBER_OBJECT_CONVERSION = YES_AGGRESSIVE;
				CLANG_CXX_LANGUAGE_STANDARD = "gnu++14";
				CLANG_CXX_LIBRARY = "libc++";
				CLANG_ENABLE_MODULES = YES;
				CLANG_ENABLE_OBJC_ARC = YES;
				CLANG_ENABLE_OBJC_WEAK = YES;
				CLANG_WARN_BLOCK_CAPTURE_AUTORELEASING = YES;
				CLANG_WARN_BOOL_CONVERSION = YES;
				CLANG_WARN_COMMA = YES;
				CLANG_WARN_CONSTANT_CONVERSION = YES;
				CLANG_WARN_DEPRECATED_OBJC_IMPLEMENTATIONS = YES;
				CLANG_WARN_DIRECT_OBJC_ISA_USAGE = YES_ERROR;
				CLANG_WARN_DOCUMENTATION_COMMENTS = YES;
				CLANG_WARN_EMPTY_BODY = YES;
				CLANG_WARN_ENUM_CONVERSION = YES;
				CLANG_WARN_INFINITE_RECURSION = YES;
				CLANG_WARN_INT_CONVERSION = YES;
				CLANG_WARN_NON_LITERAL_NULL_CONVERSION = YES;
				CLANG_WARN_OBJC_IMPLICIT_RETAIN_SELF = YES;
				CLANG_WARN_OBJC_LITERAL_CONVERSION = YES;
				CLANG_WARN_OBJC_ROOT_CLASS = YES_ERROR;
				CLANG_WARN_RANGE_LOOP_ANALYSIS = YES;
				CLANG_WARN_STRICT_PROTOTYPES = YES;
				CLANG_WARN_SUSPICIOUS_MOVE = YES;
				CLANG_WARN_UNGUARDED_AVAILABILITY = YES_AGGRESSIVE;
				CLANG_WARN_UNREACHABLE_CODE = YES;
				CLANG_WARN__DUPLICATE_METHOD_MATCH = YES;
				CODE_SIGN_IDENTITY = "iPhone Developer";
				COPY_PHASE_STRIP = NO;
				DEBUG_INFORMATION_FORMAT = dwarf;
				ENABLE_STRICT_OBJC_MSGSEND = YES;
				ENABLE_TESTABILITY = YES;
				GCC_C_LANGUAGE_STANDARD = gnu11;
				GCC_DYNAMIC_NO_PIC = NO;
				GCC_NO_COMMON_BLOCKS = YES;
				GCC_OPTIMIZATION_LEVEL = 0;
				GCC_PREPROCESSOR_DEFINITIONS = (
					"DEBUG=1",
					"$(inherited)",
				);
				GCC_WARN_64_TO_32_BIT_CONVERSION = YES;
				GCC_WARN_ABOUT_RETURN_TYPE = YES_ERROR;
				GCC_WARN_UNDECLARED_SELECTOR = YES;
				GCC_WARN_UNINITIALIZED_AUTOS = YES_AGGRESSIVE;
				GCC_WARN_UNUSED_FUNCTION = YES;
				GCC_WARN_UNUSED_VARIABLE = YES;
				IPHONEOS_DEPLOYMENT_TARGET = 12.4;
				MTL_ENABLE_DEBUG_INFO = INCLUDE_SOURCE;
				MTL_FAST_MATH = YES;
				ONLY_ACTIVE_ARCH = YES;
				SDKROOT = iphoneos;
			};
			name = Debug;
		};
		D5505DD1233365B8001FB382 /* Release */ = {
			isa = XCBuildConfiguration;
			buildSettings = {
				ALWAYS_SEARCH_USER_PATHS = NO;
				CLANG_ANALYZER_NONNULL = YES;
				CLANG_ANALYZER_NUMBER_OBJECT_CONVERSION = YES_AGGRESSIVE;
				CLANG_CXX_LANGUAGE_STANDARD = "gnu++14";
				CLANG_CXX_LIBRARY = "libc++";
				CLANG_ENABLE_MODULES = YES;
				CLANG_ENABLE_OBJC_ARC = YES;
				CLANG_ENABLE_OBJC_WEAK = YES;
				CLANG_WARN_BLOCK_CAPTURE_AUTORELEASING = YES;
				CLANG_WARN_BOOL_CONVERSION = YES;
				CLANG_WARN_COMMA = YES;
				CLANG_WARN_CONSTANT_CONVERSION = YES;
				CLANG_WARN_DEPRECATED_OBJC_IMPLEMENTATIONS = YES;
				CLANG_WARN_DIRECT_OBJC_ISA_USAGE = YES_ERROR;
				CLANG_WARN_DOCUMENTATION_COMMENTS = YES;
				CLANG_WARN_EMPTY_BODY = YES;
				CLANG_WARN_ENUM_CONVERSION = YES;
				CLANG_WARN_INFINITE_RECURSION = YES;
				CLANG_WARN_INT_CONVERSION = YES;
				CLANG_WARN_NON_LITERAL_NULL_CONVERSION = YES;
				CLANG_WARN_OBJC_IMPLICIT_RETAIN_SELF = YES;
				CLANG_WARN_OBJC_LITERAL_CONVERSION = YES;
				CLANG_WARN_OBJC_ROOT_CLASS = YES_ERROR;
				CLANG_WARN_RANGE_LOOP_ANALYSIS = YES;
				CLANG_WARN_STRICT_PROTOTYPES = YES;
				CLANG_WARN_SUSPICIOUS_MOVE = YES;
				CLANG_WARN_UNGUARDED_AVAILABILITY = YES_AGGRESSIVE;
				CLANG_WARN_UNREACHABLE_CODE = YES;
				CLANG_WARN__DUPLICATE_METHOD_MATCH = YES;
				CODE_SIGN_IDENTITY = "iPhone Developer";
				COPY_PHASE_STRIP = NO;
				DEBUG_INFORMATION_FORMAT = "dwarf-with-dsym";
				ENABLE_NS_ASSERTIONS = NO;
				ENABLE_STRICT_OBJC_MSGSEND = YES;
				GCC_C_LANGUAGE_STANDARD = gnu11;
				GCC_NO_COMMON_BLOCKS = YES;
				GCC_WARN_64_TO_32_BIT_CONVERSION = YES;
				GCC_WARN_ABOUT_RETURN_TYPE = YES_ERROR;
				GCC_WARN_UNDECLARED_SELECTOR = YES;
				GCC_WARN_UNINITIALIZED_AUTOS = YES_AGGRESSIVE;
				GCC_WARN_UNUSED_FUNCTION = YES;
				GCC_WARN_UNUSED_VARIABLE = YES;
				IPHONEOS_DEPLOYMENT_TARGET = 12.4;
				MTL_ENABLE_DEBUG_INFO = NO;
				MTL_FAST_MATH = YES;
				SDKROOT = iphoneos;
				VALIDATE_PRODUCT = YES;
			};
			name = Release;
		};
		D5505DD3233365B8001FB382 /* Debug */ = {
			isa = XCBuildConfiguration;
			buildSettings = {
				ASSETCATALOG_COMPILER_APPICON_NAME = AppIcon;
				CODE_SIGN_STYLE = Automatic;
				DEVELOPMENT_TEAM = 6F8U7MRLT2;
				INFOPLIST_FILE = FrameworksDemoProject/Info.plist;
				LD_RUNPATH_SEARCH_PATHS = (
					"$(inherited)",
					"@executable_path/Frameworks",
				);
				PRODUCT_BUNDLE_IDENTIFIER = com.didichuxing.FrameworksDemoProject;
				PRODUCT_NAME = "$(TARGET_NAME)";
				TARGETED_DEVICE_FAMILY = "1,2";
			};
			name = Debug;
		};
		D5505DD4233365B8001FB382 /* Release */ = {
			isa = XCBuildConfiguration;
			buildSettings = {
				ASSETCATALOG_COMPILER_APPICON_NAME = AppIcon;
				CODE_SIGN_STYLE = Automatic;
				DEVELOPMENT_TEAM = 6F8U7MRLT2;
				INFOPLIST_FILE = FrameworksDemoProject/Info.plist;
				LD_RUNPATH_SEARCH_PATHS = (
					"$(inherited)",
					"@executable_path/Frameworks",
				);
				PRODUCT_BUNDLE_IDENTIFIER = com.didichuxing.FrameworksDemoProject;
				PRODUCT_NAME = "$(TARGET_NAME)";
				TARGETED_DEVICE_FAMILY = "1,2";
			};
			name = Release;
		};
/* End XCBuildConfiguration section */

/* Begin XCConfigurationList section */
		D5505DB7233365B7001FB382 /* Build configuration list for PBXProject "FrameworksDemoProject" */ = {
			isa = XCConfigurationList;
			buildConfigurations = (
				D5505DD0233365B8001FB382 /* Debug */,
				D5505DD1233365B8001FB382 /* Release */,
			);
			defaultConfigurationIsVisible = 0;
			defaultConfigurationName = Release;
		};
		D5505DD2233365B8001FB382 /* Build configuration list for PBXNativeTarget "FrameworksDemoProject" */ = {
			isa = XCConfigurationList;
			buildConfigurations = (
				D5505DD3233365B8001FB382 /* Debug */,
				D5505DD4233365B8001FB382 /* Release */,
			);
			defaultConfigurationIsVisible = 0;
			defaultConfigurationName = Release;
		};
/* End XCConfigurationList section */
	};
	rootObject = D5505DB4233365B7001FB382 /* Project object */;
}
